// !$*UTF8*$!
{
	archiveVersion = 1;
	classes = {
	};
	objectVersion = 56;
	objects = {

/* Begin PBXBuildFile section */
		BB354AB82A0FD3660070615C /* FavoriteButton.swift in Sources */ = {isa = PBXBuildFile; fileRef = BB354AB72A0FD3660070615C /* FavoriteButton.swift */; };
		BBBA9AE02A0FED7A005D1F0D /* HexagonParameters.swift in Sources */ = {isa = PBXBuildFile; fileRef = BBBA9ADF2A0FED7A005D1F0D /* HexagonParameters.swift */; };
		BBBA9AE32A0FEF30005D1F0D /* BadgeBackground.swift in Sources */ = {isa = PBXBuildFile; fileRef = BBBA9AE22A0FEF30005D1F0D /* BadgeBackground.swift */; };
		BBBA9AE52A0FFE62005D1F0D /* BadgeSymbol.swift in Sources */ = {isa = PBXBuildFile; fileRef = BBBA9AE42A0FFE62005D1F0D /* BadgeSymbol.swift */; };
		BBBA9AE72A0FFFC7005D1F0D /* RotatedBadgeSymbol.swift in Sources */ = {isa = PBXBuildFile; fileRef = BBBA9AE62A0FFFC7005D1F0D /* RotatedBadgeSymbol.swift */; };
		BBBA9AE92A100074005D1F0D /* Badge.swift in Sources */ = {isa = PBXBuildFile; fileRef = BBBA9AE82A100074005D1F0D /* Badge.swift */; };
		BBBA9AF72A1021B3005D1F0D /* Hike.swift in Sources */ = {isa = PBXBuildFile; fileRef = BBBA9AF62A1021B3005D1F0D /* Hike.swift */; };
		BBBFF28729EB5EC500F3765E /* LandmarksApp.swift in Sources */ = {isa = PBXBuildFile; fileRef = BBBFF28629EB5EC500F3765E /* LandmarksApp.swift */; };
		BBBFF28929EB5EC500F3765E /* ContentView.swift in Sources */ = {isa = PBXBuildFile; fileRef = BBBFF28829EB5EC500F3765E /* ContentView.swift */; };
		BBBFF28B29EB5EC500F3765E /* Assets.xcassets in Resources */ = {isa = PBXBuildFile; fileRef = BBBFF28A29EB5EC500F3765E /* Assets.xcassets */; };
		BBBFF28E29EB5EC500F3765E /* Preview Assets.xcassets in Resources */ = {isa = PBXBuildFile; fileRef = BBBFF28D29EB5EC500F3765E /* Preview Assets.xcassets */; };
		BBBFF29529EB61EB00F3765E /* CircleImage.swift in Sources */ = {isa = PBXBuildFile; fileRef = BBBFF29429EB61EB00F3765E /* CircleImage.swift */; };
		BBBFF29729EB62F900F3765E /* MapView.swift in Sources */ = {isa = PBXBuildFile; fileRef = BBBFF29629EB62F900F3765E /* MapView.swift */; };
		BBBFF29929EC4E1100F3765E /* landmarkData.json in Resources */ = {isa = PBXBuildFile; fileRef = BBBFF29829EC4E1100F3765E /* landmarkData.json */; };
		BBBFF29B29EC4E4E00F3765E /* Landmark.swift in Sources */ = {isa = PBXBuildFile; fileRef = BBBFF29A29EC4E4E00F3765E /* Landmark.swift */; };
		BBBFF29D29EC871E00F3765E /* ModalData.swift in Sources */ = {isa = PBXBuildFile; fileRef = BBBFF29C29EC871E00F3765E /* ModalData.swift */; };
		BBBFF2A229EC8B8200F3765E /* LandmarkRow.swift in Sources */ = {isa = PBXBuildFile; fileRef = BBBFF2A129EC8B8200F3765E /* LandmarkRow.swift */; };
		BBBFF2A429ECB1AD00F3765E /* LandmarkList.swift in Sources */ = {isa = PBXBuildFile; fileRef = BBBFF2A329ECB1AD00F3765E /* LandmarkList.swift */; };
		BBBFF2A629ECB3EF00F3765E /* LandmarkDetail.swift in Sources */ = {isa = PBXBuildFile; fileRef = BBBFF2A529ECB3EF00F3765E /* LandmarkDetail.swift */; };
		BBE3C4072A102D8200939FD3 /* hikeData.json in Resources */ = {isa = PBXBuildFile; fileRef = BBE3C4062A102D8200939FD3 /* hikeData.json */; };
		BBE3C40D2A102EE800939FD3 /* GraphCapsule.swift in Sources */ = {isa = PBXBuildFile; fileRef = BBE3C4092A102EE800939FD3 /* GraphCapsule.swift */; };
		BBE3C40E2A102EE800939FD3 /* HikeGraph.swift in Sources */ = {isa = PBXBuildFile; fileRef = BBE3C40A2A102EE800939FD3 /* HikeGraph.swift */; };
		BBE3C40F2A102EE800939FD3 /* HikeDetail.swift in Sources */ = {isa = PBXBuildFile; fileRef = BBE3C40B2A102EE800939FD3 /* HikeDetail.swift */; };
		BBE3C4102A102EE800939FD3 /* HikeView.swift in Sources */ = {isa = PBXBuildFile; fileRef = BBE3C40C2A102EE800939FD3 /* HikeView.swift */; };
/* End PBXBuildFile section */

/* Begin PBXFileReference section */
		BB354AB72A0FD3660070615C /* FavoriteButton.swift */ = {isa = PBXFileReference; lastKnownFileType = sourcecode.swift; path = FavoriteButton.swift; sourceTree = "<group>"; };
		BB765EE829F980220083BF88 /* Landmarks.entitlements */ = {isa = PBXFileReference; lastKnownFileType = text.plist.entitlements; path = Landmarks.entitlements; sourceTree = "<group>"; };
		BBBA9ADF2A0FED7A005D1F0D /* HexagonParameters.swift */ = {isa = PBXFileReference; lastKnownFileType = sourcecode.swift; path = HexagonParameters.swift; sourceTree = "<group>"; };
		BBBA9AE22A0FEF30005D1F0D /* BadgeBackground.swift */ = {isa = PBXFileReference; lastKnownFileType = sourcecode.swift; path = BadgeBackground.swift; sourceTree = "<group>"; };
		BBBA9AE42A0FFE62005D1F0D /* BadgeSymbol.swift */ = {isa = PBXFileReference; lastKnownFileType = sourcecode.swift; path = BadgeSymbol.swift; sourceTree = "<group>"; };
		BBBA9AE62A0FFFC7005D1F0D /* RotatedBadgeSymbol.swift */ = {isa = PBXFileReference; lastKnownFileType = sourcecode.swift; path = RotatedBadgeSymbol.swift; sourceTree = "<group>"; };
		BBBA9AE82A100074005D1F0D /* Badge.swift */ = {isa = PBXFileReference; lastKnownFileType = sourcecode.swift; path = Badge.swift; sourceTree = "<group>"; };
		BBBA9AF62A1021B3005D1F0D /* Hike.swift */ = {isa = PBXFileReference; lastKnownFileType = sourcecode.swift; path = Hike.swift; sourceTree = "<group>"; };
		BBBFF28329EB5EC500F3765E /* Landmarks.app */ = {isa = PBXFileReference; explicitFileType = wrapper.application; includeInIndex = 0; path = Landmarks.app; sourceTree = BUILT_PRODUCTS_DIR; };
		BBBFF28629EB5EC500F3765E /* LandmarksApp.swift */ = {isa = PBXFileReference; lastKnownFileType = sourcecode.swift; path = LandmarksApp.swift; sourceTree = "<group>"; };
		BBBFF28829EB5EC500F3765E /* ContentView.swift */ = {isa = PBXFileReference; lastKnownFileType = sourcecode.swift; path = ContentView.swift; sourceTree = "<group>"; };
		BBBFF28A29EB5EC500F3765E /* Assets.xcassets */ = {isa = PBXFileReference; lastKnownFileType = folder.assetcatalog; path = Assets.xcassets; sourceTree = "<group>"; };
		BBBFF28D29EB5EC500F3765E /* Preview Assets.xcassets */ = {isa = PBXFileReference; lastKnownFileType = folder.assetcatalog; path = "Preview Assets.xcassets"; sourceTree = "<group>"; };
		BBBFF29429EB61EB00F3765E /* CircleImage.swift */ = {isa = PBXFileReference; lastKnownFileType = sourcecode.swift; path = CircleImage.swift; sourceTree = "<group>"; };
		BBBFF29629EB62F900F3765E /* MapView.swift */ = {isa = PBXFileReference; lastKnownFileType = sourcecode.swift; path = MapView.swift; sourceTree = "<group>"; };
		BBBFF29829EC4E1100F3765E /* landmarkData.json */ = {isa = PBXFileReference; fileEncoding = 4; lastKnownFileType = text.json; path = landmarkData.json; sourceTree = "<group>"; };
		BBBFF29A29EC4E4E00F3765E /* Landmark.swift */ = {isa = PBXFileReference; lastKnownFileType = sourcecode.swift; path = Landmark.swift; sourceTree = "<group>"; };
		BBBFF29C29EC871E00F3765E /* ModalData.swift */ = {isa = PBXFileReference; lastKnownFileType = sourcecode.swift; path = ModalData.swift; sourceTree = "<group>"; };
		BBBFF2A129EC8B8200F3765E /* LandmarkRow.swift */ = {isa = PBXFileReference; lastKnownFileType = sourcecode.swift; path = LandmarkRow.swift; sourceTree = "<group>"; };
		BBBFF2A329ECB1AD00F3765E /* LandmarkList.swift */ = {isa = PBXFileReference; lastKnownFileType = sourcecode.swift; path = LandmarkList.swift; sourceTree = "<group>"; };
		BBBFF2A529ECB3EF00F3765E /* LandmarkDetail.swift */ = {isa = PBXFileReference; lastKnownFileType = sourcecode.swift; path = LandmarkDetail.swift; sourceTree = "<group>"; };
		BBE3C4062A102D8200939FD3 /* hikeData.json */ = {isa = PBXFileReference; fileEncoding = 4; lastKnownFileType = text.json; path = hikeData.json; sourceTree = "<group>"; };
		BBE3C4092A102EE800939FD3 /* GraphCapsule.swift */ = {isa = PBXFileReference; fileEncoding = 4; lastKnownFileType = sourcecode.swift; path = GraphCapsule.swift; sourceTree = "<group>"; };
		BBE3C40A2A102EE800939FD3 /* HikeGraph.swift */ = {isa = PBXFileReference; fileEncoding = 4; lastKnownFileType = sourcecode.swift; path = HikeGraph.swift; sourceTree = "<group>"; };
		BBE3C40B2A102EE800939FD3 /* HikeDetail.swift */ = {isa = PBXFileReference; fileEncoding = 4; lastKnownFileType = sourcecode.swift; path = HikeDetail.swift; sourceTree = "<group>"; };
		BBE3C40C2A102EE800939FD3 /* HikeView.swift */ = {isa = PBXFileReference; fileEncoding = 4; lastKnownFileType = sourcecode.swift; path = HikeView.swift; sourceTree = "<group>"; };
/* End PBXFileReference section */

/* Begin PBXFrameworksBuildPhase section */
		BBBFF28029EB5EC500F3765E /* Frameworks */ = {
			isa = PBXFrameworksBuildPhase;
			buildActionMask = 2147483647;
			files = (
			);
			runOnlyForDeploymentPostprocessing = 0;
		};
/* End PBXFrameworksBuildPhase section */

/* Begin PBXGroup section */
		BBBA9ADD2A0FDF5D005D1F0D /* Landmarks */ = {
			isa = PBXGroup;
			children = (
				BBBFF2A129EC8B8200F3765E /* LandmarkRow.swift */,
				BBBFF2A329ECB1AD00F3765E /* LandmarkList.swift */,
				BBBFF2A529ECB3EF00F3765E /* LandmarkDetail.swift */,
			);
			path = Landmarks;
			sourceTree = "<group>";
		};
		BBBA9ADE2A0FE6F8005D1F0D /* Helpers */ = {
			isa = PBXGroup;
			children = (
				BBBFF29429EB61EB00F3765E /* CircleImage.swift */,
				BBBFF29629EB62F900F3765E /* MapView.swift */,
				BB354AB72A0FD3660070615C /* FavoriteButton.swift */,
				BBBA9AE22A0FEF30005D1F0D /* BadgeBackground.swift */,
			);
			path = Helpers;
			sourceTree = "<group>";
		};
		BBBA9AEA2A101D37005D1F0D /* Badges */ = {
			isa = PBXGroup;
			children = (
				BBBA9ADF2A0FED7A005D1F0D /* HexagonParameters.swift */,
				BBBA9AE42A0FFE62005D1F0D /* BadgeSymbol.swift */,
				BBBA9AE62A0FFFC7005D1F0D /* RotatedBadgeSymbol.swift */,
				BBBA9AE82A100074005D1F0D /* Badge.swift */,
			);
			path = Badges;
			sourceTree = "<group>";
		};
		BBBFF27A29EB5EC500F3765E = {
			isa = PBXGroup;
			children = (
				BBBFF28529EB5EC500F3765E /* Landmarks */,
				BBBFF28429EB5EC500F3765E /* Products */,
			);
			sourceTree = "<group>";
		};
		BBBFF28429EB5EC500F3765E /* Products */ = {
			isa = PBXGroup;
			children = (
				BBBFF28329EB5EC500F3765E /* Landmarks.app */,
			);
			name = Products;
			sourceTree = "<group>";
		};
		BBBFF28529EB5EC500F3765E /* Landmarks */ = {
			isa = PBXGroup;
			children = (
				BB765EE829F980220083BF88 /* Landmarks.entitlements */,
				BBBFF2A029EC893C00F3765E /* Resources */,
				BBBFF29F29EC893000F3765E /* Views */,
				BBBFF29E29EC892900F3765E /* Models */,
				BBBFF28629EB5EC500F3765E /* LandmarksApp.swift */,
				BBBFF28C29EB5EC500F3765E /* Preview Content */,
			);
			path = Landmarks;
			sourceTree = "<group>";
		};
		BBBFF28C29EB5EC500F3765E /* Preview Content */ = {
			isa = PBXGroup;
			children = (
				BBBFF28D29EB5EC500F3765E /* Preview Assets.xcassets */,
			);
			path = "Preview Content";
			sourceTree = "<group>";
		};
		BBBFF29E29EC892900F3765E /* Models */ = {
			isa = PBXGroup;
			children = (
				BBBFF29C29EC871E00F3765E /* ModalData.swift */,
				BBBFF29A29EC4E4E00F3765E /* Landmark.swift */,
				BBBA9AF62A1021B3005D1F0D /* Hike.swift */,
			);
			path = Models;
			sourceTree = "<group>";
		};
		BBBFF29F29EC893000F3765E /* Views */ = {
			isa = PBXGroup;
			children = (
				BBE3C4082A102EE800939FD3 /* Hikes */,
				BBBA9ADE2A0FE6F8005D1F0D /* Helpers */,
				BBBA9ADD2A0FDF5D005D1F0D /* Landmarks */,
				BBBFF28829EB5EC500F3765E /* ContentView.swift */,
				BBBA9AEA2A101D37005D1F0D /* Badges */,
			);
			path = Views;
			sourceTree = "<group>";
		};
		BBBFF2A029EC893C00F3765E /* Resources */ = {
			isa = PBXGroup;
			children = (
				BBBFF28A29EB5EC500F3765E /* Assets.xcassets */,
				BBE3C4062A102D8200939FD3 /* hikeData.json */,
				BBBFF29829EC4E1100F3765E /* landmarkData.json */,
			);
			path = Resources;
			sourceTree = "<group>";
		};
		BBE3C4082A102EE800939FD3 /* Hikes */ = {
			isa = PBXGroup;
			children = (
				BBE3C4092A102EE800939FD3 /* GraphCapsule.swift */,
				BBE3C40A2A102EE800939FD3 /* HikeGraph.swift */,
				BBE3C40B2A102EE800939FD3 /* HikeDetail.swift */,
				BBE3C40C2A102EE800939FD3 /* HikeView.swift */,
			);
			path = Hikes;
			sourceTree = "<group>";
		};
/* End PBXGroup section */

/* Begin PBXNativeTarget section */
		BBBFF28229EB5EC500F3765E /* Landmarks */ = {
			isa = PBXNativeTarget;
			buildConfigurationList = BBBFF29129EB5EC500F3765E /* Build configuration list for PBXNativeTarget "Landmarks" */;
			buildPhases = (
				BBBFF27F29EB5EC500F3765E /* Sources */,
				BBBFF28029EB5EC500F3765E /* Frameworks */,
				BBBFF28129EB5EC500F3765E /* Resources */,
			);
			buildRules = (
			);
			dependencies = (
			);
			name = Landmarks;
			productName = Landmarks;
			productReference = BBBFF28329EB5EC500F3765E /* Landmarks.app */;
			productType = "com.apple.product-type.application";
		};
/* End PBXNativeTarget section */

/* Begin PBXProject section */
		BBBFF27B29EB5EC500F3765E /* Project object */ = {
			isa = PBXProject;
			attributes = {
				BuildIndependentTargetsInParallel = 1;
				LastSwiftUpdateCheck = 1430;
				LastUpgradeCheck = 1430;
				TargetAttributes = {
					BBBFF28229EB5EC500F3765E = {
						CreatedOnToolsVersion = 14.3;
					};
				};
			};
			buildConfigurationList = BBBFF27E29EB5EC500F3765E /* Build configuration list for PBXProject "Landmarks" */;
			compatibilityVersion = "Xcode 14.0";
			developmentRegion = en;
			hasScannedForEncodings = 0;
			knownRegions = (
				en,
				Base,
			);
			mainGroup = BBBFF27A29EB5EC500F3765E;
			productRefGroup = BBBFF28429EB5EC500F3765E /* Products */;
			projectDirPath = "";
			projectRoot = "";
			targets = (
				BBBFF28229EB5EC500F3765E /* Landmarks */,
			);
		};
/* End PBXProject section */

/* Begin PBXResourcesBuildPhase section */
		BBBFF28129EB5EC500F3765E /* Resources */ = {
			isa = PBXResourcesBuildPhase;
			buildActionMask = 2147483647;
			files = (
				BBE3C4072A102D8200939FD3 /* hikeData.json in Resources */,
				BBBFF28E29EB5EC500F3765E /* Preview Assets.xcassets in Resources */,
				BBBFF28B29EB5EC500F3765E /* Assets.xcassets in Resources */,
				BBBFF29929EC4E1100F3765E /* landmarkData.json in Resources */,
			);
			runOnlyForDeploymentPostprocessing = 0;
		};
/* End PBXResourcesBuildPhase section */

/* Begin PBXSourcesBuildPhase section */
		BBBFF27F29EB5EC500F3765E /* Sources */ = {
			isa = PBXSourcesBuildPhase;
			buildActionMask = 2147483647;
			files = (
				BBBFF28929EB5EC500F3765E /* ContentView.swift in Sources */,
				BBE3C40E2A102EE800939FD3 /* HikeGraph.swift in Sources */,
				BBBA9AE92A100074005D1F0D /* Badge.swift in Sources */,
				BBBFF29729EB62F900F3765E /* MapView.swift in Sources */,
				BBE3C40D2A102EE800939FD3 /* GraphCapsule.swift in Sources */,
				BBBFF28729EB5EC500F3765E /* LandmarksApp.swift in Sources */,
				BB354AB82A0FD3660070615C /* FavoriteButton.swift in Sources */,
				BBE3C40F2A102EE800939FD3 /* HikeDetail.swift in Sources */,
				BBBA9AE02A0FED7A005D1F0D /* HexagonParameters.swift in Sources */,
				BBBA9AE72A0FFFC7005D1F0D /* RotatedBadgeSymbol.swift in Sources */,
				BBBA9AE52A0FFE62005D1F0D /* BadgeSymbol.swift in Sources */,
				BBBFF2A429ECB1AD00F3765E /* LandmarkList.swift in Sources */,
				BBBA9AF72A1021B3005D1F0D /* Hike.swift in Sources */,
				BBE3C4102A102EE800939FD3 /* HikeView.swift in Sources */,
				BBBFF2A629ECB3EF00F3765E /* LandmarkDetail.swift in Sources */,
				BBBA9AE32A0FEF30005D1F0D /* BadgeBackground.swift in Sources */,
				BBBFF29529EB61EB00F3765E /* CircleImage.swift in Sources */,
				BBBFF29B29EC4E4E00F3765E /* Landmark.swift in Sources */,
				BBBFF2A229EC8B8200F3765E /* LandmarkRow.swift in Sources */,
				BBBFF29D29EC871E00F3765E /* ModalData.swift in Sources */,
			);
			runOnlyForDeploymentPostprocessing = 0;
		};
/* End PBXSourcesBuildPhase section */

/* Begin XCBuildConfiguration section */
		BBBFF28F29EB5EC500F3765E /* Debug */ = {
			isa = XCBuildConfiguration;
			buildSettings = {
				ALWAYS_SEARCH_USER_PATHS = NO;
				CLANG_ANALYZER_NONNULL = YES;
				CLANG_ANALYZER_NUMBER_OBJECT_CONVERSION = YES_AGGRESSIVE;
				CLANG_CXX_LANGUAGE_STANDARD = "gnu++20";
				CLANG_ENABLE_MODULES = YES;
				CLANG_ENABLE_OBJC_ARC = YES;
				CLANG_ENABLE_OBJC_WEAK = YES;
				CLANG_WARN_BLOCK_CAPTURE_AUTORELEASING = YES;
				CLANG_WARN_BOOL_CONVERSION = YES;
				CLANG_WARN_COMMA = YES;
				CLANG_WARN_CONSTANT_CONVERSION = YES;
				CLANG_WARN_DEPRECATED_OBJC_IMPLEMENTATIONS = YES;
				CLANG_WARN_DIRECT_OBJC_ISA_USAGE = YES_ERROR;
				CLANG_WARN_DOCUMENTATION_COMMENTS = YES;
				CLANG_WARN_EMPTY_BODY = YES;
				CLANG_WARN_ENUM_CONVERSION = YES;
				CLANG_WARN_INFINITE_RECURSION = YES;
				CLANG_WARN_INT_CONVERSION = YES;
				CLANG_WARN_NON_LITERAL_NULL_CONVERSION = YES;
				CLANG_WARN_OBJC_IMPLICIT_RETAIN_SELF = YES;
				CLANG_WARN_OBJC_LITERAL_CONVERSION = YES;
				CLANG_WARN_OBJC_ROOT_CLASS = YES_ERROR;
				CLANG_WARN_QUOTED_INCLUDE_IN_FRAMEWORK_HEADER = YES;
				CLANG_WARN_RANGE_LOOP_ANALYSIS = YES;
				CLANG_WARN_STRICT_PROTOTYPES = YES;
				CLANG_WARN_SUSPICIOUS_MOVE = YES;
				CLANG_WARN_UNGUARDED_AVAILABILITY = YES_AGGRESSIVE;
				CLANG_WARN_UNREACHABLE_CODE = YES;
				CLANG_WARN__DUPLICATE_METHOD_MATCH = YES;
				COPY_PHASE_STRIP = NO;
				DEBUG_INFORMATION_FORMAT = dwarf;
				ENABLE_STRICT_OBJC_MSGSEND = YES;
				ENABLE_TESTABILITY = YES;
				GCC_C_LANGUAGE_STANDARD = gnu11;
				GCC_DYNAMIC_NO_PIC = NO;
				GCC_NO_COMMON_BLOCKS = YES;
				GCC_OPTIMIZATION_LEVEL = 0;
				GCC_PREPROCESSOR_DEFINITIONS = (
					"DEBUG=1",
					"$(inherited)",
				);
				GCC_WARN_64_TO_32_BIT_CONVERSION = YES;
				GCC_WARN_ABOUT_RETURN_TYPE = YES_ERROR;
				GCC_WARN_UNDECLARED_SELECTOR = YES;
				GCC_WARN_UNINITIALIZED_AUTOS = YES_AGGRESSIVE;
				GCC_WARN_UNUSED_FUNCTION = YES;
				GCC_WARN_UNUSED_VARIABLE = YES;
				IPHONEOS_DEPLOYMENT_TARGET = 16.4;
				MTL_ENABLE_DEBUG_INFO = INCLUDE_SOURCE;
				MTL_FAST_MATH = YES;
				ONLY_ACTIVE_ARCH = YES;
				SDKROOT = iphoneos;
				SWIFT_ACTIVE_COMPILATION_CONDITIONS = DEBUG;
				SWIFT_OPTIMIZATION_LEVEL = "-Onone";
			};
			name = Debug;
		};
		BBBFF29029EB5EC500F3765E /* Release */ = {
			isa = XCBuildConfiguration;
			buildSettings = {
				ALWAYS_SEARCH_USER_PATHS = NO;
				CLANG_ANALYZER_NONNULL = YES;
				CLANG_ANALYZER_NUMBER_OBJECT_CONVERSION = YES_AGGRESSIVE;
				CLANG_CXX_LANGUAGE_STANDARD = "gnu++20";
				CLANG_ENABLE_MODULES = YES;
				CLANG_ENABLE_OBJC_ARC = YES;
				CLANG_ENABLE_OBJC_WEAK = YES;
				CLANG_WARN_BLOCK_CAPTURE_AUTORELEASING = YES;
				CLANG_WARN_BOOL_CONVERSION = YES;
				CLANG_WARN_COMMA = YES;
				CLANG_WARN_CONSTANT_CONVERSION = YES;
				CLANG_WARN_DEPRECATED_OBJC_IMPLEMENTATIONS = YES;
				CLANG_WARN_DIRECT_OBJC_ISA_USAGE = YES_ERROR;
				CLANG_WARN_DOCUMENTATION_COMMENTS = YES;
				CLANG_WARN_EMPTY_BODY = YES;
				CLANG_WARN_ENUM_CONVERSION = YES;
				CLANG_WARN_INFINITE_RECURSION = YES;
				CLANG_WARN_INT_CONVERSION = YES;
				CLANG_WARN_NON_LITERAL_NULL_CONVERSION = YES;
				CLANG_WARN_OBJC_IMPLICIT_RETAIN_SELF = YES;
				CLANG_WARN_OBJC_LITERAL_CONVERSION = YES;
				CLANG_WARN_OBJC_ROOT_CLASS = YES_ERROR;
				CLANG_WARN_QUOTED_INCLUDE_IN_FRAMEWORK_HEADER = YES;
				CLANG_WARN_RANGE_LOOP_ANALYSIS = YES;
				CLANG_WARN_STRICT_PROTOTYPES = YES;
				CLANG_WARN_SUSPICIOUS_MOVE = YES;
				CLANG_WARN_UNGUARDED_AVAILABILITY = YES_AGGRESSIVE;
				CLANG_WARN_UNREACHABLE_CODE = YES;
				CLANG_WARN__DUPLICATE_METHOD_MATCH = YES;
				COPY_PHASE_STRIP = NO;
				DEBUG_INFORMATION_FORMAT = "dwarf-with-dsym";
				ENABLE_NS_ASSERTIONS = NO;
				ENABLE_STRICT_OBJC_MSGSEND = YES;
				GCC_C_LANGUAGE_STANDARD = gnu11;
				GCC_NO_COMMON_BLOCKS = YES;
				GCC_WARN_64_TO_32_BIT_CONVERSION = YES;
				GCC_WARN_ABOUT_RETURN_TYPE = YES_ERROR;
				GCC_WARN_UNDECLARED_SELECTOR = YES;
				GCC_WARN_UNINITIALIZED_AUTOS = YES_AGGRESSIVE;
				GCC_WARN_UNUSED_FUNCTION = YES;
				GCC_WARN_UNUSED_VARIABLE = YES;
				IPHONEOS_DEPLOYMENT_TARGET = 16.4;
				MTL_ENABLE_DEBUG_INFO = NO;
				MTL_FAST_MATH = YES;
				SDKROOT = iphoneos;
				SWIFT_COMPILATION_MODE = wholemodule;
				SWIFT_OPTIMIZATION_LEVEL = "-O";
				VALIDATE_PRODUCT = YES;
			};
			name = Release;
		};
		BBBFF29229EB5EC500F3765E /* Debug */ = {
			isa = XCBuildConfiguration;
			buildSettings = {
				ASSETCATALOG_COMPILER_APPICON_NAME = AppIcon;
				ASSETCATALOG_COMPILER_GLOBAL_ACCENT_COLOR_NAME = AccentColor;
				CODE_SIGN_ENTITLEMENTS = Landmarks/Landmarks.entitlements;
				CODE_SIGN_STYLE = Automatic;
				CURRENT_PROJECT_VERSION = 1;
				DEVELOPMENT_ASSET_PATHS = "\"Landmarks/Preview Content\"";
				DEVELOPMENT_TEAM = PALQAW7PF2;
				ENABLE_PREVIEWS = YES;
				GENERATE_INFOPLIST_FILE = YES;
				INFOPLIST_KEY_UIApplicationSceneManifest_Generation = YES;
				INFOPLIST_KEY_UIApplicationSupportsIndirectInputEvents = YES;
				INFOPLIST_KEY_UILaunchScreen_Generation = YES;
				INFOPLIST_KEY_UISupportedInterfaceOrientations_iPad = "UIInterfaceOrientationPortrait UIInterfaceOrientationPortraitUpsideDown UIInterfaceOrientationLandscapeLeft UIInterfaceOrientationLandscapeRight";
				INFOPLIST_KEY_UISupportedInterfaceOrientations_iPhone = "UIInterfaceOrientationPortrait UIInterfaceOrientationLandscapeLeft UIInterfaceOrientationLandscapeRight";
				LD_RUNPATH_SEARCH_PATHS = (
					"$(inherited)",
					"@executable_path/Frameworks",
				);
				MARKETING_VERSION = 1.0;
				PRODUCT_BUNDLE_IDENTIFIER = com.sevcanalkan.Landmarks;
				PRODUCT_NAME = "$(TARGET_NAME)";
				SWIFT_EMIT_LOC_STRINGS = YES;
				SWIFT_VERSION = 5.0;
				TARGETED_DEVICE_FAMILY = "1,2";
			};
			name = Debug;
		};
		BBBFF29329EB5EC500F3765E /* Release */ = {
			isa = XCBuildConfiguration;
			buildSettings = {
				ASSETCATALOG_COMPILER_APPICON_NAME = AppIcon;
				ASSETCATALOG_COMPILER_GLOBAL_ACCENT_COLOR_NAME = AccentColor;
				CODE_SIGN_ENTITLEMENTS = Landmarks/Landmarks.entitlements;
				CODE_SIGN_STYLE = Automatic;
				CURRENT_PROJECT_VERSION = 1;
				DEVELOPMENT_ASSET_PATHS = "\"Landmarks/Preview Content\"";
				DEVELOPMENT_TEAM = PALQAW7PF2;
				ENABLE_PREVIEWS = YES;
				GENERATE_INFOPLIST_FILE = YES;
				INFOPLIST_KEY_UIApplicationSceneManifest_Generation = YES;
				INFOPLIST_KEY_UIApplicationSupportsIndirectInputEvents = YES;
				INFOPLIST_KEY_UILaunchScreen_Generation = YES;
				INFOPLIST_KEY_UISupportedInterfaceOrientations_iPad = "UIInterfaceOrientationPortrait UIInterfaceOrientationPortraitUpsideDown UIInterfaceOrientationLandscapeLeft UIInterfaceOrientationLandscapeRight";
				INFOPLIST_KEY_UISupportedInterfaceOrientations_iPhone = "UIInterfaceOrientationPortrait UIInterfaceOrientationLandscapeLeft UIInterfaceOrientationLandscapeRight";
				LD_RUNPATH_SEARCH_PATHS = (
					"$(inherited)",
					"@executable_path/Frameworks",
				);
				MARKETING_VERSION = 1.0;
				PRODUCT_BUNDLE_IDENTIFIER = com.sevcanalkan.Landmarks;
				PRODUCT_NAME = "$(TARGET_NAME)";
				SWIFT_EMIT_LOC_STRINGS = YES;
				SWIFT_VERSION = 5.0;
				TARGETED_DEVICE_FAMILY = "1,2";
			};
			name = Release;
		};
/* End XCBuildConfiguration section */

/* Begin XCConfigurationList section */
		BBBFF27E29EB5EC500F3765E /* Build configuration list for PBXProject "Landmarks" */ = {
			isa = XCConfigurationList;
			buildConfigurations = (
				BBBFF28F29EB5EC500F3765E /* Debug */,
				BBBFF29029EB5EC500F3765E /* Release */,
			);
			defaultConfigurationIsVisible = 0;
			defaultConfigurationName = Release;
		};
		BBBFF29129EB5EC500F3765E /* Build configuration list for PBXNativeTarget "Landmarks" */ = {
			isa = XCConfigurationList;
			buildConfigurations = (
				BBBFF29229EB5EC500F3765E /* Debug */,
				BBBFF29329EB5EC500F3765E /* Release */,
			);
			defaultConfigurationIsVisible = 0;
			defaultConfigurationName = Release;
		};
/* End XCConfigurationList section */
	};
	rootObject = BBBFF27B29EB5EC500F3765E /* Project object */;
}
